
Microsoft Visual Studio Solution File, Format Version 12.00
# Visual Studio 15
VisualStudioVersion = 15.0.27703.2042
MinimumVisualStudioVersion = 10.0.40219.1
Project("{8BC9CEB8-8B4A-11D0-8D11-00A0C91BC942}") = "The_randomNumber_generator", "The_randomNumber_generator.vcxproj", "{43400206-9996-4F53-955C-6B4540B58B94}"
EndProject
Global
	GlobalSection(SolutionConfigurationPlatforms) = preSolution
		Debug|x64 = Debug|x64
		Debug|x86 = Debug|x86
		Release|x64 = Release|x64
		Release|x86 = Release|x86
	EndGlobalSection
	GlobalSection(ProjectConfigurationPlatforms) = postSolution
		{43400206-9996-4F53-955C-6B4540B58B94}.Debug|x64.ActiveCfg = Debug|x64
		{43400206-9996-4F53-955C-6B4540B58B94}.Debug|x64.Build.0 = Debug|x64
		{43400206-9996-4F53-955C-6B4540B58B94}.Debug|x86.ActiveCfg = Debug|Win32
		{43400206-9996-4F53-955C-6B4540B58B94}.Debug|x86.Build.0 = Debug|Win32
		{43400206-9996-4F53-955C-6B4540B58B94}.Release|x64.ActiveCfg = Release|x64
		{43400206-9996-4F53-955C-6B4540B58B94}.Release|x64.Build.0 = Release|x64
		{43400206-9996-4F53-955C-6B4540B58B94}.Release|x86.ActiveCfg = Release|Win32
		{43400206-9996-4F53-955C-6B4540B58B94}.Release|x86.Build.0 = Release|Win32
	EndGlobalSection
	GlobalSection(SolutionProperties) = preSolution
		HideSolutionNode = FALSE
	EndGlobalSection
	GlobalSection(ExtensibilityGlobals) = postSolution
		SolutionGuid = {0966E914-8A92-4650-B38E-910B62FD86CE}
	EndGlobalSection
EndGlobal
